
Microsoft Visual Studio Solution File, Format Version 12.00
# Visual Studio Version 16
VisualStudioVersion = 16.0.31129.286
MinimumVisualStudioVersion = 10.0.40219.1
Project("{FAE04EC0-301F-11D3-BF4B-00C04F79EFBC}") = "AsyncDemo", "AsyncDemo\AsyncDemo.csproj", "{0FF2392A-F9B3-4571-96CB-A74F0CAB0113}"
EndProject
Global
	GlobalSection(SolutionConfigurationPlatforms) = preSolution
		Debug|Any CPU = Debug|Any CPU
		Release|Any CPU = Release|Any CPU
	EndGlobalSection
	GlobalSection(ProjectConfigurationPlatforms) = postSolution
		{0FF2392A-F9B3-4571-96CB-A74F0CAB0113}.Debug|Any CPU.ActiveCfg = Debug|Any CPU
		{0FF2392A-F9B3-4571-96CB-A74F0CAB0113}.Debug|Any CPU.Build.0 = Debug|Any CPU
		{0FF2392A-F9B3-4571-96CB-A74F0CAB0113}.Release|Any CPU.ActiveCfg = Release|Any CPU
		{0FF2392A-F9B3-4571-96CB-A74F0CAB0113}.Release|Any CPU.Build.0 = Release|Any CPU
	EndGlobalSection
	GlobalSection(SolutionProperties) = preSolution
		HideSolutionNode = FALSE
	EndGlobalSection
	GlobalSection(ExtensibilityGlobals) = postSolution
		SolutionGuid = {BA7FF291-A84A-4611-9BD9-FEBF25E89B94}
	EndGlobalSection
EndGlobal
